
Microsoft Visual Studio Solution File, Format Version 12.00
# Visual Studio Version 17
VisualStudioVersion = 17.5.33424.131
MinimumVisualStudioVersion = 10.0.40219.1
Project("{FAE04EC0-301F-11D3-BF4B-00C04F79EFBC}") = "PharmacyWebAPI", "PharmacyWebAPI\PharmacyWebAPI.csproj", "{9918AF19-7DD5-4858-A038-14F20FFB8E32}"
EndProject
Project("{FAE04EC0-301F-11D3-BF4B-00C04F79EFBC}") = "PharmacyWebAPI.DataAccess", "PharmacyWebAPI.DataAccess\PharmacyWebAPI.DataAccess.csproj", "{6C77FA77-A222-403A-B391-42E732B73D01}"
EndProject
Project("{FAE04EC0-301F-11D3-BF4B-00C04F79EFBC}") = "PharmacyWebAPI.Models", "PharmacyWebAPI.Models\PharmacyWebAPI.Models.csproj", "{44185797-71F6-4DDB-A9CF-E68BB6173A65}"
EndProject
Project("{FAE04EC0-301F-11D3-BF4B-00C04F79EFBC}") = "PharmacyWebAPI.Utility", "PharmacyWebAPI.Utility\PharmacyWebAPI.Utility.csproj", "{63775A19-EC37-4970-891A-A771098EEE67}"
EndProject
Global
	GlobalSection(SolutionConfigurationPlatforms) = preSolution
		Debug|Any CPU = Debug|Any CPU
		Release|Any CPU = Release|Any CPU
	EndGlobalSection
	GlobalSection(ProjectConfigurationPlatforms) = postSolution
		{9918AF19-7DD5-4858-A038-14F20FFB8E32}.Debug|Any CPU.ActiveCfg = Debug|Any CPU
		{9918AF19-7DD5-4858-A038-14F20FFB8E32}.Debug|Any CPU.Build.0 = Debug|Any CPU
		{9918AF19-7DD5-4858-A038-14F20FFB8E32}.Release|Any CPU.ActiveCfg = Release|Any CPU
		{9918AF19-7DD5-4858-A038-14F20FFB8E32}.Release|Any CPU.Build.0 = Release|Any CPU
		{6C77FA77-A222-403A-B391-42E732B73D01}.Debug|Any CPU.ActiveCfg = Debug|Any CPU
		{6C77FA77-A222-403A-B391-42E732B73D01}.Debug|Any CPU.Build.0 = Debug|Any CPU
		{6C77FA77-A222-403A-B391-42E732B73D01}.Release|Any CPU.ActiveCfg = Release|Any CPU
		{6C77FA77-A222-403A-B391-42E732B73D01}.Release|Any CPU.Build.0 = Release|Any CPU
		{44185797-71F6-4DDB-A9CF-E68BB6173A65}.Debug|Any CPU.ActiveCfg = Debug|Any CPU
		{44185797-71F6-4DDB-A9CF-E68BB6173A65}.Debug|Any CPU.Build.0 = Debug|Any CPU
		{44185797-71F6-4DDB-A9CF-E68BB6173A65}.Release|Any CPU.ActiveCfg = Release|Any CPU
		{44185797-71F6-4DDB-A9CF-E68BB6173A65}.Release|Any CPU.Build.0 = Release|Any CPU
		{63775A19-EC37-4970-891A-A771098EEE67}.Debug|Any CPU.ActiveCfg = Debug|Any CPU
		{63775A19-EC37-4970-891A-A771098EEE67}.Debug|Any CPU.Build.0 = Debug|Any CPU
		{63775A19-EC37-4970-891A-A771098EEE67}.Release|Any CPU.ActiveCfg = Release|Any CPU
		{63775A19-EC37-4970-891A-A771098EEE67}.Release|Any CPU.Build.0 = Release|Any CPU
	EndGlobalSection
	GlobalSection(SolutionProperties) = preSolution
		HideSolutionNode = FALSE
	EndGlobalSection
	GlobalSection(ExtensibilityGlobals) = postSolution
		SolutionGuid = {94980E55-7B38-4320-B475-A173B7989C78}
	EndGlobalSection
EndGlobal
